
Microsoft Visual Studio Solution File, Format Version 12.00
# Visual Studio Version 16
VisualStudioVersion = 16.0.30406.217
MinimumVisualStudioVersion = 10.0.40219.1
Project("{FAE04EC0-301F-11D3-BF4B-00C04F79EFBC}") = "BotWhatsapp", "BotWhatsapp.csproj", "{FBD53889-B5EA-4F53-8FD6-A05409240594}"
EndProject
Global
	GlobalSection(SolutionConfigurationPlatforms) = preSolution
		Debug|Any CPU = Debug|Any CPU
		Release|Any CPU = Release|Any CPU
	EndGlobalSection
	GlobalSection(ProjectConfigurationPlatforms) = postSolution
		{FBD53889-B5EA-4F53-8FD6-A05409240594}.Debug|Any CPU.ActiveCfg = Debug|Any CPU
		{FBD53889-B5EA-4F53-8FD6-A05409240594}.Debug|Any CPU.Build.0 = Debug|Any CPU
		{FBD53889-B5EA-4F53-8FD6-A05409240594}.Release|Any CPU.ActiveCfg = Release|Any CPU
		{FBD53889-B5EA-4F53-8FD6-A05409240594}.Release|Any CPU.Build.0 = Release|Any CPU
	EndGlobalSection
	GlobalSection(SolutionProperties) = preSolution
		HideSolutionNode = FALSE
	EndGlobalSection
	GlobalSection(ExtensibilityGlobals) = postSolution
		SolutionGuid = {F07A9E15-9867-47CD-9241-E80A7237F948}
	EndGlobalSection
EndGlobal
